
Microsoft Visual Studio Solution File, Format Version 12.00
# Visual Studio Version 16
VisualStudioVersion = 16.0.31005.135
MinimumVisualStudioVersion = 10.0.40219.1
Project("{9A19103F-16F7-4668-BE54-9A1E7A4F7556}") = "Games", "Games\Games.csproj", "{EBE6D8AD-5B07-411A-8055-D865844E214B}"
EndProject
Global
	GlobalSection(SolutionConfigurationPlatforms) = preSolution
		Debug|Any CPU = Debug|Any CPU
		Release|Any CPU = Release|Any CPU
	EndGlobalSection
	GlobalSection(ProjectConfigurationPlatforms) = postSolution
		{EBE6D8AD-5B07-411A-8055-D865844E214B}.Debug|Any CPU.ActiveCfg = Debug|Any CPU
		{EBE6D8AD-5B07-411A-8055-D865844E214B}.Debug|Any CPU.Build.0 = Debug|Any CPU
		{EBE6D8AD-5B07-411A-8055-D865844E214B}.Release|Any CPU.ActiveCfg = Release|Any CPU
		{EBE6D8AD-5B07-411A-8055-D865844E214B}.Release|Any CPU.Build.0 = Release|Any CPU
	EndGlobalSection
	GlobalSection(SolutionProperties) = preSolution
		HideSolutionNode = FALSE
	EndGlobalSection
	GlobalSection(ExtensibilityGlobals) = postSolution
		SolutionGuid = {75F102C3-744B-4E34-B095-9DC126421996}
	EndGlobalSection
EndGlobal
